
Microsoft Visual Studio Solution File, Format Version 12.00
# Visual Studio 15
VisualStudioVersion = 15.0.28307.645
MinimumVisualStudioVersion = 10.0.40219.1
Project("{FAE04EC0-301F-11D3-BF4B-00C04F79EFBC}") = "CompareMotos", "CompareMotos\CompareMotos.csproj", "{E9D7BCAD-773F-4650-BCC6-1592062436F4}"
EndProject
Global
	GlobalSection(SolutionConfigurationPlatforms) = preSolution
		Debug|Any CPU = Debug|Any CPU
		Release|Any CPU = Release|Any CPU
	EndGlobalSection
	GlobalSection(ProjectConfigurationPlatforms) = postSolution
		{E9D7BCAD-773F-4650-BCC6-1592062436F4}.Debug|Any CPU.ActiveCfg = Debug|Any CPU
		{E9D7BCAD-773F-4650-BCC6-1592062436F4}.Debug|Any CPU.Build.0 = Debug|Any CPU
		{E9D7BCAD-773F-4650-BCC6-1592062436F4}.Release|Any CPU.ActiveCfg = Release|Any CPU
		{E9D7BCAD-773F-4650-BCC6-1592062436F4}.Release|Any CPU.Build.0 = Release|Any CPU
	EndGlobalSection
	GlobalSection(SolutionProperties) = preSolution
		HideSolutionNode = FALSE
	EndGlobalSection
	GlobalSection(ExtensibilityGlobals) = postSolution
		SolutionGuid = {65FC5C86-4C5D-421D-A25F-37DCAB659DB5}
	EndGlobalSection
EndGlobal
